
Microsoft Visual Studio Solution File, Format Version 12.00
Project("{FAE04EC0-301F-11D3-BF4B-00C04F79EFBC}") = "NNet", "NNet\NNet.csproj", "{2BFBA7AF-E076-4924-84C0-E669137EE208}"
EndProject
Global
	GlobalSection(SolutionConfigurationPlatforms) = preSolution
		Debug|Any CPU = Debug|Any CPU
		Release|Any CPU = Release|Any CPU
	EndGlobalSection
	GlobalSection(ProjectConfigurationPlatforms) = postSolution
		{2BFBA7AF-E076-4924-84C0-E669137EE208}.Debug|Any CPU.ActiveCfg = Debug|Any CPU
		{2BFBA7AF-E076-4924-84C0-E669137EE208}.Debug|Any CPU.Build.0 = Debug|Any CPU
		{2BFBA7AF-E076-4924-84C0-E669137EE208}.Release|Any CPU.ActiveCfg = Release|Any CPU
		{2BFBA7AF-E076-4924-84C0-E669137EE208}.Release|Any CPU.Build.0 = Release|Any CPU
	EndGlobalSection
EndGlobal
